{
  "name": "yfd-react-cli",
  "version": "1.0.0",
  "lockfileVersion": 1,
  "requires": true,
  "dependencies": {
    "@types/node": {
      "version": "15.12.2",
      "resolved": "http://npm.zhenguanyu.com/@types/node/download/@types/node-15.12.2.tgz",
      "integrity": "sha1-HytCxL5xVv9Kb5FLL7A9BfqE440=",
      "dev": true
    },
    "@types/readable-stream": {
      "version": "2.3.9",
      "resolved": "http://npm.zhenguanyu.com/@types/readable-stream/download/@types/readable-stream-2.3.9.tgz",
      "integrity": "sha1-QKg0nmrOOv0t0bbY6bApRd5FZqk=",
      "dev": true,
      "requires": {
        "@types/node": "*",
        "safe-buffer": "*"
      }
    },
    "@types/urijs": {
      "version": "1.19.15",
      "resolved": "http://npm.zhenguanyu.com/@types/urijs/download/@types/urijs-1.19.15.tgz",
      "integrity": "sha1-AUK5K1LQfEupfdguelSodTMpQuw=",
      "dev": true
    },
    "abbrev": {
      "version": "1.1.1",
      "resolved": "http://npm.zhenguanyu.com/abbrev/download/abbrev-1.1.1.tgz",
      "integrity": "sha1-+PLIh60Qv2f2NPAFtph/7TF5qsg="
    },
    "ansi-regex": {
      "version": "5.0.0",
      "resolved": "http://npm.zhenguanyu.com/ansi-regex/download/ansi-regex-5.0.0.tgz",
      "integrity": "sha1-OIU59VF5vzkznIGvMKZU1p+Hy3U=",
      "dev": true
    },
    "ansi-styles": {
      "version": "4.3.0",
      "resolved": "http://npm.zhenguanyu.com/ansi-styles/download/ansi-styles-4.3.0.tgz",
      "integrity": "sha1-7dgDYornHATIWuegkG7a00tkiTc=",
      "dev": true,
      "requires": {
        "color-convert": "^2.0.1"
      }
    },
    "balanced-match": {
      "version": "1.0.2",
      "resolved": "http://npm.zhenguanyu.com/balanced-match/download/balanced-match-1.0.2.tgz",
      "integrity": "sha1-6D46fj8wCzTLnYf2FfoMvzV2kO4=",
      "dev": true
    },
    "brace-expansion": {
      "version": "1.1.11",
      "resolved": "http://npm.zhenguanyu.com/brace-expansion/download/brace-expansion-1.1.11.tgz",
      "integrity": "sha1-PH/L9SnYcibz0vUrlm/1Jx60Qd0=",
      "dev": true,
      "requires": {
        "balanced-match": "^1.0.0",
        "concat-map": "0.0.1"
      }
    },
    "cli": {
      "version": "0.6.6",
      "resolved": "http://npm.zhenguanyu.com/cli/download/cli-0.6.6.tgz",
      "integrity": "sha1-Aq1Eo4Cr8nraxebwzdewQ9dMU+M=",
      "requires": {
        "exit": "0.1.2",
        "glob": "~ 3.2.1"
      },
      "dependencies": {
        "glob": {
          "version": "3.2.11",
          "resolved": "http://npm.zhenguanyu.com/glob/download/glob-3.2.11.tgz",
          "integrity": "sha1-Spc/Y1uRkPcV0QmH1cAP0oFevj0=",
          "requires": {
            "inherits": "2",
            "minimatch": "0.3"
          }
        },
        "minimatch": {
          "version": "0.3.0",
          "resolved": "http://npm.zhenguanyu.com/minimatch/download/minimatch-0.3.0.tgz",
          "integrity": "sha1-J12O2qxPG7MyZHIInnlJyDlGmd0=",
          "requires": {
            "lru-cache": "2",
            "sigmund": "~1.0.0"
          }
        }
      }
    },
    "cliui": {
      "version": "7.0.4",
      "resolved": "http://npm.zhenguanyu.com/cliui/download/cliui-7.0.4.tgz",
      "integrity": "sha1-oCZe5lVHb8gHrqnfPfjfd4OAi08=",
      "dev": true,
      "requires": {
        "string-width": "^4.2.0",
        "strip-ansi": "^6.0.0",
        "wrap-ansi": "^7.0.0"
      }
    },
    "color-convert": {
      "version": "2.0.1",
      "resolved": "http://npm.zhenguanyu.com/color-convert/download/color-convert-2.0.1.tgz",
      "integrity": "sha1-ctOmjVmMm9s68q0ehPIdiWq9TeM=",
      "dev": true,
      "requires": {
        "color-name": "~1.1.4"
      }
    },
    "color-name": {
      "version": "1.1.4",
      "resolved": "http://npm.zhenguanyu.com/color-name/download/color-name-1.1.4.tgz",
      "integrity": "sha1-wqCah6y95pVD3m9j+jmVyCbFNqI=",
      "dev": true
    },
    "commander": {
      "version": "7.2.0",
      "resolved": "http://npm.zhenguanyu.com/commander/download/commander-7.2.0.tgz",
      "integrity": "sha1-o2y1fQtQHOEI5NIFWaFQo5HZerc="
    },
    "concat-map": {
      "version": "0.0.1",
      "resolved": "http://npm.zhenguanyu.com/concat-map/download/concat-map-0.0.1.tgz",
      "integrity": "sha1-2Klr13/Wjfd5OnMDajug1UBdR3s=",
      "dev": true
    },
    "config-chain": {
      "version": "1.1.12",
      "resolved": "http://npm.zhenguanyu.com/config-chain/download/config-chain-1.1.12.tgz",
      "integrity": "sha1-D96NCRIA616AjK8l/mGMAvSOTvo=",
      "requires": {
        "ini": "^1.3.4",
        "proto-list": "~1.2.1"
      }
    },
    "console-browserify": {
      "version": "1.1.0",
      "resolved": "http://npm.zhenguanyu.com/console-browserify/download/console-browserify-1.1.0.tgz",
      "integrity": "sha1-8CQcRXMKn8YyOyBtvzjtx0HQuxA=",
      "requires": {
        "date-now": "^0.1.4"
      }
    },
    "copyfiles": {
      "version": "2.4.1",
      "resolved": "http://npm.zhenguanyu.com/copyfiles/download/copyfiles-2.4.1.tgz",
      "integrity": "sha1-0tz/YKqtEBXwnQtm5/Dxxc08XaU=",
      "dev": true,
      "requires": {
        "glob": "^7.0.5",
        "minimatch": "^3.0.3",
        "mkdirp": "^1.0.4",
        "noms": "0.0.0",
        "through2": "^2.0.1",
        "untildify": "^4.0.0",
        "yargs": "^16.1.0"
      }
    },
    "core-util-is": {
      "version": "1.0.2",
      "resolved": "http://npm.zhenguanyu.com/core-util-is/download/core-util-is-1.0.2.tgz",
      "integrity": "sha1-tf1UIgqivFq1eqtxQMlAdUUDwac="
    },
    "date-now": {
      "version": "0.1.4",
      "resolved": "http://npm.zhenguanyu.com/date-now/download/date-now-0.1.4.tgz",
      "integrity": "sha1-6vQ5/U1ISK105cx9vvIAZyueNFs="
    },
    "dom-serializer": {
      "version": "0.2.2",
      "resolved": "http://npm.zhenguanyu.com/dom-serializer/download/dom-serializer-0.2.2.tgz",
      "integrity": "sha1-GvuB9TNxcXXUeGVd68XjMtn5u1E=",
      "requires": {
        "domelementtype": "^2.0.1",
        "entities": "^2.0.0"
      },
      "dependencies": {
        "domelementtype": {
          "version": "2.2.0",
          "resolved": "http://npm.zhenguanyu.com/domelementtype/download/domelementtype-2.2.0.tgz",
          "integrity": "sha1-mgtsJ4LtahxzI9QiZxg9+b2LHVc="
        },
        "entities": {
          "version": "2.2.0",
          "resolved": "http://npm.zhenguanyu.com/entities/download/entities-2.2.0.tgz",
          "integrity": "sha1-CY3JDruD2N/6CJ1VJWs1HTTE2lU="
        }
      }
    },
    "domelementtype": {
      "version": "1.3.1",
      "resolved": "http://npm.zhenguanyu.com/domelementtype/download/domelementtype-1.3.1.tgz",
      "integrity": "sha1-0EjESzew0Qp/Kj1f7j9DM9eQSB8="
    },
    "domhandler": {
      "version": "2.3.0",
      "resolved": "http://npm.zhenguanyu.com/domhandler/download/domhandler-2.3.0.tgz",
      "integrity": "sha1-LeWaCCLVAn+r/28DLCsloqir5zg=",
      "requires": {
        "domelementtype": "1"
      }
    },
    "domutils": {
      "version": "1.5.1",
      "resolved": "http://npm.zhenguanyu.com/domutils/download/domutils-1.5.1.tgz",
      "integrity": "sha1-3NhIiib1Y9YQeeSMn3t+Mjc2gs8=",
      "requires": {
        "dom-serializer": "0",
        "domelementtype": "1"
      }
    },
    "emoji-regex": {
      "version": "8.0.0",
      "resolved": "http://npm.zhenguanyu.com/emoji-regex/download/emoji-regex-8.0.0.tgz",
      "integrity": "sha1-6Bj9ac5cz8tARZT4QpY79TFkzDc=",
      "dev": true
    },
    "entities": {
      "version": "1.0.0",
      "resolved": "http://npm.zhenguanyu.com/entities/download/entities-1.0.0.tgz",
      "integrity": "sha1-sph6o4ITR/zeZCsk/fyeT7cSvyY="
    },
    "escalade": {
      "version": "3.1.1",
      "resolved": "http://npm.zhenguanyu.com/escalade/download/escalade-3.1.1.tgz",
      "integrity": "sha1-2M/ccACWXFoBdLSoLqpcBVJ0LkA=",
      "dev": true
    },
    "exit": {
      "version": "0.1.2",
      "resolved": "http://npm.zhenguanyu.com/exit/download/exit-0.1.2.tgz",
      "integrity": "sha1-BjJjj42HfMghB9MKD/8aF8uhzQw="
    },
    "fs.realpath": {
      "version": "1.0.0",
      "resolved": "http://npm.zhenguanyu.com/fs.realpath/download/fs.realpath-1.0.0.tgz",
      "integrity": "sha1-FQStJSMVjKpA20onh8sBQRmU6k8=",
      "dev": true
    },
    "get-caller-file": {
      "version": "2.0.5",
      "resolved": "http://npm.zhenguanyu.com/get-caller-file/download/get-caller-file-2.0.5.tgz",
      "integrity": "sha1-T5RBKoLbMvNuOwuXQfipf+sDH34=",
      "dev": true
    },
    "glob": {
      "version": "7.1.7",
      "resolved": "http://npm.zhenguanyu.com/glob/download/glob-7.1.7.tgz",
      "integrity": "sha1-Oxk+kjPwHULQs/eClLvutBj5SpA=",
      "dev": true,
      "requires": {
        "fs.realpath": "^1.0.0",
        "inflight": "^1.0.4",
        "inherits": "2",
        "minimatch": "^3.0.4",
        "once": "^1.3.0",
        "path-is-absolute": "^1.0.0"
      }
    },
    "htmlparser2": {
      "version": "3.8.3",
      "resolved": "http://npm.zhenguanyu.com/htmlparser2/download/htmlparser2-3.8.3.tgz",
      "integrity": "sha1-mWwosZFRaovoZQGn15dX5ccMEGg=",
      "requires": {
        "domelementtype": "1",
        "domhandler": "2.3",
        "domutils": "1.5",
        "entities": "1.0",
        "readable-stream": "1.1"
      },
      "dependencies": {
        "readable-stream": {
          "version": "1.1.14",
          "resolved": "http://npm.zhenguanyu.com/readable-stream/download/readable-stream-1.1.14.tgz",
          "integrity": "sha1-fPTFTvZI44EwhMY23SB54WbAgdk=",
          "requires": {
            "core-util-is": "~1.0.0",
            "inherits": "~2.0.1",
            "isarray": "0.0.1",
            "string_decoder": "~0.10.x"
          }
        }
      }
    },
    "inflight": {
      "version": "1.0.6",
      "resolved": "http://npm.zhenguanyu.com/inflight/download/inflight-1.0.6.tgz",
      "integrity": "sha1-Sb1jMdfQLQwJvJEKEHW6gWW1bfk=",
      "dev": true,
      "requires": {
        "once": "^1.3.0",
        "wrappy": "1"
      }
    },
    "inherits": {
      "version": "2.0.4",
      "resolved": "http://npm.zhenguanyu.com/inherits/download/inherits-2.0.4.tgz",
      "integrity": "sha1-D6LGT5MpF8NDOg3tVTY6rjdBa3w="
    },
    "ini": {
      "version": "1.3.8",
      "resolved": "http://npm.zhenguanyu.com/ini/download/ini-1.3.8.tgz",
      "integrity": "sha1-op2kJbSIBvNHZ6Tvzjlyaa8oQyw="
    },
    "is-fullwidth-code-point": {
      "version": "3.0.0",
      "resolved": "http://npm.zhenguanyu.com/is-fullwidth-code-point/download/is-fullwidth-code-point-3.0.0.tgz",
      "integrity": "sha1-8Rb4Bk/pCz94RKOJl8C3UFEmnx0=",
      "dev": true
    },
    "isarray": {
      "version": "0.0.1",
      "resolved": "http://npm.zhenguanyu.com/isarray/download/isarray-0.0.1.tgz",
      "integrity": "sha1-ihis/Kmo9Bd+Cav8YDiTmwXR7t8="
    },
    "js-beautify": {
      "version": "1.5.10",
      "resolved": "http://npm.zhenguanyu.com/js-beautify/download/js-beautify-1.5.10.tgz",
      "integrity": "sha1-TZU3FwJpk0SlFsomv1nwonu3Vxk=",
      "requires": {
        "config-chain": "~1.1.5",
        "mkdirp": "~0.5.0",
        "nopt": "~3.0.1"
      },
      "dependencies": {
        "mkdirp": {
          "version": "0.5.5",
          "resolved": "http://npm.zhenguanyu.com/mkdirp/download/mkdirp-0.5.5.tgz",
          "integrity": "sha1-2Rzv1i0UNsoPQWIOJRKI1CAJne8=",
          "requires": {
            "minimist": "^1.2.5"
          }
        }
      }
    },
    "jshint": {
      "version": "2.5.11",
      "resolved": "http://npm.zhenguanyu.com/jshint/download/jshint-2.5.11.tgz",
      "integrity": "sha1-4tlYWLuxqngwAQii6BCZ+wlWIuA=",
      "requires": {
        "cli": "0.6.x",
        "console-browserify": "1.1.x",
        "exit": "0.1.x",
        "htmlparser2": "3.8.x",
        "minimatch": "1.0.x",
        "shelljs": "0.3.x",
        "strip-json-comments": "1.0.x",
        "underscore": "1.6.x"
      },
      "dependencies": {
        "minimatch": {
          "version": "1.0.0",
          "resolved": "http://npm.zhenguanyu.com/minimatch/download/minimatch-1.0.0.tgz",
          "integrity": "sha1-4N0hILSeG3JM6NcUxSCCKpQ4V20=",
          "requires": {
            "lru-cache": "2",
            "sigmund": "~1.0.0"
          }
        }
      }
    },
    "lodash": {
      "version": "2.4.2",
      "resolved": "http://npm.zhenguanyu.com/lodash/download/lodash-2.4.2.tgz",
      "integrity": "sha1-+t2DS5aDBz2hebPq5tnA0VBT9z4="
    },
    "lru-cache": {
      "version": "2.7.3",
      "resolved": "http://npm.zhenguanyu.com/lru-cache/download/lru-cache-2.7.3.tgz",
      "integrity": "sha1-bUUk6LlV+V1PW1iFHOId1y+06VI="
    },
    "minimatch": {
      "version": "3.0.4",
      "resolved": "http://npm.zhenguanyu.com/minimatch/download/minimatch-3.0.4.tgz",
      "integrity": "sha1-UWbihkV/AzBgZL5Ul+jbsMPTIIM=",
      "dev": true,
      "requires": {
        "brace-expansion": "^1.1.7"
      }
    },
    "minimist": {
      "version": "1.2.5",
      "resolved": "http://npm.zhenguanyu.com/minimist/download/minimist-1.2.5.tgz",
      "integrity": "sha1-Z9ZgFLZqaoqqDAg8X9WN9OTpdgI="
    },
    "mkdirp": {
      "version": "1.0.4",
      "resolved": "http://npm.zhenguanyu.com/mkdirp/download/mkdirp-1.0.4.tgz",
      "integrity": "sha1-PrXtYmInVteaXw4qIh3+utdcL34=",
      "dev": true
    },
    "mustache": {
      "version": "0.8.2",
      "resolved": "http://npm.zhenguanyu.com/mustache/download/mustache-0.8.2.tgz",
      "integrity": "sha1-v1uSK49Azc+5HANdzZFhENFiH5s="
    },
    "node-fetch": {
      "version": "2.6.1",
      "resolved": "http://npm.zhenguanyu.com/node-fetch/download/node-fetch-2.6.1.tgz",
      "integrity": "sha1-BFvTI2Mfdu0uK1VXM5RBa2OaAFI="
    },
    "noms": {
      "version": "0.0.0",
      "resolved": "http://npm.zhenguanyu.com/noms/download/noms-0.0.0.tgz",
      "integrity": "sha1-2o69nzr51nYJGbJ9nNyAkqczKFk=",
      "dev": true,
      "requires": {
        "inherits": "^2.0.1",
        "readable-stream": "~1.0.31"
      }
    },
    "nopt": {
      "version": "3.0.6",
      "resolved": "http://npm.zhenguanyu.com/nopt/download/nopt-3.0.6.tgz",
      "integrity": "sha1-xkZdvwirzU2zWTF/eaxopkayj/k=",
      "requires": {
        "abbrev": "1"
      }
    },
    "once": {
      "version": "1.4.0",
      "resolved": "http://npm.zhenguanyu.com/once/download/once-1.4.0.tgz",
      "integrity": "sha1-WDsap3WWHUsROsF9nFC6753Xa9E=",
      "dev": true,
      "requires": {
        "wrappy": "1"
      }
    },
    "path-is-absolute": {
      "version": "1.0.1",
      "resolved": "http://npm.zhenguanyu.com/path-is-absolute/download/path-is-absolute-1.0.1.tgz",
      "integrity": "sha1-F0uSaHNVNP+8es5r9TpanhtcX18=",
      "dev": true
    },
    "process-nextick-args": {
      "version": "2.0.1",
      "resolved": "http://npm.zhenguanyu.com/process-nextick-args/download/process-nextick-args-2.0.1.tgz",
      "integrity": "sha1-eCDZsWEgzFXKmud5JoCufbptf+I=",
      "dev": true
    },
    "proto-list": {
      "version": "1.2.4",
      "resolved": "http://npm.zhenguanyu.com/proto-list/download/proto-list-1.2.4.tgz",
      "integrity": "sha1-IS1b/hMYMGpCD2QCuOJv85ZHqEk="
    },
    "readable-stream": {
      "version": "1.0.34",
      "resolved": "http://npm.zhenguanyu.com/readable-stream/download/readable-stream-1.0.34.tgz",
      "integrity": "sha1-Elgg40vIQtLyqq+v5MKRbuMsFXw=",
      "dev": true,
      "requires": {
        "core-util-is": "~1.0.0",
        "inherits": "~2.0.1",
        "isarray": "0.0.1",
        "string_decoder": "~0.10.x"
      }
    },
    "require-directory": {
      "version": "2.1.1",
      "resolved": "http://npm.zhenguanyu.com/require-directory/download/require-directory-2.1.1.tgz",
      "integrity": "sha1-jGStX9MNqxyXbiNE/+f3kqam30I=",
      "dev": true
    },
    "rimraf": {
      "version": "3.0.2",
      "resolved": "http://npm.zhenguanyu.com/rimraf/download/rimraf-3.0.2.tgz",
      "integrity": "sha1-8aVAK6YiCtUswSgrrBrjqkn9Bho=",
      "dev": true,
      "requires": {
        "glob": "^7.1.3"
      }
    },
    "safe-buffer": {
      "version": "5.1.2",
      "resolved": "http://npm.zhenguanyu.com/safe-buffer/download/safe-buffer-5.1.2.tgz",
      "integrity": "sha1-mR7GnSluAxN0fVm9/St0XDX4go0=",
      "dev": true
    },
    "shelljs": {
      "version": "0.3.0",
      "resolved": "http://npm.zhenguanyu.com/shelljs/download/shelljs-0.3.0.tgz",
      "integrity": "sha1-NZbmMHp4FUT1kfN9phg2DzHbV7E="
    },
    "sigmund": {
      "version": "1.0.1",
      "resolved": "http://npm.zhenguanyu.com/sigmund/download/sigmund-1.0.1.tgz",
      "integrity": "sha1-P/IfGYytIXX587eBhT/ZTQ0ZtZA="
    },
    "string-width": {
      "version": "4.2.2",
      "resolved": "http://npm.zhenguanyu.com/string-width/download/string-width-4.2.2.tgz",
      "integrity": "sha1-2v1PlVmnWFz7pSnGoKT3NIjr1MU=",
      "dev": true,
      "requires": {
        "emoji-regex": "^8.0.0",
        "is-fullwidth-code-point": "^3.0.0",
        "strip-ansi": "^6.0.0"
      }
    },
    "string_decoder": {
      "version": "0.10.31",
      "resolved": "http://npm.zhenguanyu.com/string_decoder/download/string_decoder-0.10.31.tgz",
      "integrity": "sha1-YuIDvEF2bGwoyfyEMB2rHFMQ+pQ="
    },
    "strip-ansi": {
      "version": "6.0.0",
      "resolved": "http://npm.zhenguanyu.com/strip-ansi/download/strip-ansi-6.0.0.tgz",
      "integrity": "sha1-CxVx3XZpzNTz4G4U7x7tJiJa5TI=",
      "dev": true,
      "requires": {
        "ansi-regex": "^5.0.0"
      }
    },
    "strip-json-comments": {
      "version": "1.0.4",
      "resolved": "http://npm.zhenguanyu.com/strip-json-comments/download/strip-json-comments-1.0.4.tgz",
      "integrity": "sha1-HhX7ysl9Pumb8tc7TGVrCCu6+5E="
    },
    "swagger-js-codegen": {
      "version": "0.3.2",
      "resolved": "http://npm.zhenguanyu.com/swagger-js-codegen/download/swagger-js-codegen-0.3.2.tgz",
      "integrity": "sha1-8NGHraGHa09ehSjwyf0aZLD/M9I=",
      "requires": {
        "js-beautify": "~1.5.1",
        "jshint": "~2.5.1",
        "lodash": "^2.4.1",
        "mustache": "~0.8.2"
      }
    },
    "through2": {
      "version": "2.0.5",
      "resolved": "http://npm.zhenguanyu.com/through2/download/through2-2.0.5.tgz",
      "integrity": "sha1-AcHjnrMdB8t9A6lqcIIyYLIxMs0=",
      "dev": true,
      "requires": {
        "readable-stream": "~2.3.6",
        "xtend": "~4.0.1"
      },
      "dependencies": {
        "isarray": {
          "version": "1.0.0",
          "resolved": "http://npm.zhenguanyu.com/isarray/download/isarray-1.0.0.tgz",
          "integrity": "sha1-u5NdSFgsuhaMBoNJV6VKPgcSTxE=",
          "dev": true
        },
        "readable-stream": {
          "version": "2.3.7",
          "resolved": "http://npm.zhenguanyu.com/readable-stream/download/readable-stream-2.3.7.tgz",
          "integrity": "sha1-Hsoc9xGu+BTAT2IlKjamL2yyO1c=",
          "dev": true,
          "requires": {
            "core-util-is": "~1.0.0",
            "inherits": "~2.0.3",
            "isarray": "~1.0.0",
            "process-nextick-args": "~2.0.0",
            "safe-buffer": "~5.1.1",
            "string_decoder": "~1.1.1",
            "util-deprecate": "~1.0.1"
          }
        },
        "string_decoder": {
          "version": "1.1.1",
          "resolved": "http://npm.zhenguanyu.com/string_decoder/download/string_decoder-1.1.1.tgz",
          "integrity": "sha1-nPFhG6YmhdcDCunkujQUnDrwP8g=",
          "dev": true,
          "requires": {
            "safe-buffer": "~5.1.0"
          }
        }
      }
    },
    "typescript": {
      "version": "4.3.2",
      "resolved": "http://npm.zhenguanyu.com/typescript/download/typescript-4.3.2.tgz",
      "integrity": "sha1-OZqxiqxFgC1vJJjeUFT8u+cWqAU="
    },
    "underscore": {
      "version": "1.6.0",
      "resolved": "http://npm.zhenguanyu.com/underscore/download/underscore-1.6.0.tgz",
      "integrity": "sha1-izixDKze9jM3uLJOT/htRa6lKag="
    },
    "untildify": {
      "version": "4.0.0",
      "resolved": "http://npm.zhenguanyu.com/untildify/download/untildify-4.0.0.tgz",
      "integrity": "sha1-K8lHuVNlJIfkYAlJ+wkeOujNkZs=",
      "dev": true
    },
    "util-deprecate": {
      "version": "1.0.2",
      "resolved": "http://npm.zhenguanyu.com/util-deprecate/download/util-deprecate-1.0.2.tgz",
      "integrity": "sha1-RQ1Nyfpw3nMnYvvS1KKJgUGaDM8=",
      "dev": true
    },
    "wrap-ansi": {
      "version": "7.0.0",
      "resolved": "http://npm.zhenguanyu.com/wrap-ansi/download/wrap-ansi-7.0.0.tgz",
      "integrity": "sha1-Z+FFz/UQpqaYS98RUpEdadLrnkM=",
      "dev": true,
      "requires": {
        "ansi-styles": "^4.0.0",
        "string-width": "^4.1.0",
        "strip-ansi": "^6.0.0"
      }
    },
    "wrappy": {
      "version": "1.0.2",
      "resolved": "http://npm.zhenguanyu.com/wrappy/download/wrappy-1.0.2.tgz",
      "integrity": "sha1-tSQ9jz7BqjXxNkYFvA0QNuMKtp8=",
      "dev": true
    },
    "xtend": {
      "version": "4.0.2",
      "resolved": "http://npm.zhenguanyu.com/xtend/download/xtend-4.0.2.tgz",
      "integrity": "sha1-u3J3n1+kZRhrH0OPZ0+jR/2121Q=",
      "dev": true
    },
    "y18n": {
      "version": "5.0.8",
      "resolved": "http://npm.zhenguanyu.com/y18n/download/y18n-5.0.8.tgz",
      "integrity": "sha1-f0k00PfKjFb5UxSTndzS3ZHOHVU=",
      "dev": true
    },
    "yargs": {
      "version": "16.2.0",
      "resolved": "http://npm.zhenguanyu.com/yargs/download/yargs-16.2.0.tgz",
      "integrity": "sha1-HIK/D2tqZur85+8w43b0mhJHf2Y=",
      "dev": true,
      "requires": {
        "cliui": "^7.0.2",
        "escalade": "^3.1.1",
        "get-caller-file": "^2.0.5",
        "require-directory": "^2.1.1",
        "string-width": "^4.2.0",
        "y18n": "^5.0.5",
        "yargs-parser": "^20.2.2"
      }
    },
    "yargs-parser": {
      "version": "20.2.7",
      "resolved": "http://npm.zhenguanyu.com/yargs-parser/download/yargs-parser-20.2.7.tgz",
      "integrity": "sha1-Yd+FwRPt+1p6TjbriqYO9CPLyQo=",
      "dev": true
    }
  }
}
